// !$*UTF8*$!
{
	archiveVersion = 1;
	classes = {
	};
	objectVersion = 50;
	objects = {

/* Begin PBXBuildFile section */
		4441011B221E2F1500E3A6A4 /* AppDelegate.swift in Sources */ = {isa = PBXBuildFile; fileRef = 4441011A221E2F1500E3A6A4 /* AppDelegate.swift */; };
		4441011D221E2F1500E3A6A4 /* ViewController.swift in Sources */ = {isa = PBXBuildFile; fileRef = 4441011C221E2F1500E3A6A4 /* ViewController.swift */; };
		44410120221E2F1500E3A6A4 /* Main.storyboard in Resources */ = {isa = PBXBuildFile; fileRef = 4441011E221E2F1500E3A6A4 /* Main.storyboard */; };
		44410123221E2F1500E3A6A4 /* RemindMe.xcdatamodeld in Sources */ = {isa = PBXBuildFile; fileRef = 44410121221E2F1500E3A6A4 /* RemindMe.xcdatamodeld */; };
		44410125221E2F1700E3A6A4 /* Assets.xcassets in Resources */ = {isa = PBXBuildFile; fileRef = 44410124221E2F1700E3A6A4 /* Assets.xcassets */; };
		44410128221E2F1700E3A6A4 /* LaunchScreen.storyboard in Resources */ = {isa = PBXBuildFile; fileRef = 44410126221E2F1700E3A6A4 /* LaunchScreen.storyboard */; };
		44410134221E540B00E3A6A4 /* binIcon.png in Resources */ = {isa = PBXBuildFile; fileRef = 44410133221E540A00E3A6A4 /* binIcon.png */; };
		44410136221E545700E3A6A4 /* musicicon.png in Resources */ = {isa = PBXBuildFile; fileRef = 44410135221E545600E3A6A4 /* musicicon.png */; };
		44410138221E58C200E3A6A4 /* ChoreDetailsController.swift in Sources */ = {isa = PBXBuildFile; fileRef = 44410137221E58C200E3A6A4 /* ChoreDetailsController.swift */; };
		4441013A221E609F00E3A6A4 /* dog_bark4.wav in Resources */ = {isa = PBXBuildFile; fileRef = 44410139221E609F00E3A6A4 /* dog_bark4.wav */; };
		4441013C221E60AB00E3A6A4 /* cat_meow_x.wav in Resources */ = {isa = PBXBuildFile; fileRef = 4441013B221E60AB00E3A6A4 /* cat_meow_x.wav */; };
		444ECD53230EE92E0064BF26 /* BlackBin.png in Resources */ = {isa = PBXBuildFile; fileRef = 444ECD52230EE92D0064BF26 /* BlackBin.png */; };
		44560BEC224CB67D0093141C /* DateTimePicker.swift in Sources */ = {isa = PBXBuildFile; fileRef = 44560BEB224CB67D0093141C /* DateTimePicker.swift */; };
		44560BEF224CBB6F0093141C /* DateTimePicker.storyboard in Resources */ = {isa = PBXBuildFile; fileRef = 44560BED224CBB6F0093141C /* DateTimePicker.storyboard */; };
		44560BF1224CEF090093141C /* TextPickerViewController.swift in Sources */ = {isa = PBXBuildFile; fileRef = 44560BF0224CEF090093141C /* TextPickerViewController.swift */; };
		44560BF4224CF0C10093141C /* TextPicker.storyboard in Resources */ = {isa = PBXBuildFile; fileRef = 44560BF2224CF0C10093141C /* TextPicker.storyboard */; };
		44C33C9A2230B3BF00779BC6 /* NotificationService.swift in Sources */ = {isa = PBXBuildFile; fileRef = 44C33C992230B3BF00779BC6 /* NotificationService.swift */; };
		44C33C9E2230B3BF00779BC6 /* RemindMeNS.appex in Embed App Extensions */ = {isa = PBXBuildFile; fileRef = 44C33C972230B3BF00779BC6 /* RemindMeNS.appex */; settings = {ATTRIBUTES = (RemoveHeadersOnCopy, ); }; };
		44C33CA42232AFB300779BC6 /* Scheduler.swift in Sources */ = {isa = PBXBuildFile; fileRef = 44C33CA32232AFB300779BC6 /* Scheduler.swift */; };
		44CE14202239ABBB002EE7ED /* reminderIcon_Fotor.jpg in Resources */ = {isa = PBXBuildFile; fileRef = 44CE141F2239ABBA002EE7ED /* reminderIcon_Fotor.jpg */; };
		44CE1424223B3C47002EE7ED /* BuhariApps start-up screen.png in Resources */ = {isa = PBXBuildFile; fileRef = 44CE1423223B3C47002EE7ED /* BuhariApps start-up screen.png */; };
		44CE142C223B6DAE002EE7ED /* CustomCell.swift in Sources */ = {isa = PBXBuildFile; fileRef = 44CE142A223B6DAE002EE7ED /* CustomCell.swift */; };
		44CE142D223B6DAE002EE7ED /* CustomCell.xib in Resources */ = {isa = PBXBuildFile; fileRef = 44CE142B223B6DAE002EE7ED /* CustomCell.xib */; };
		44E11208222916F600E1740A /* SoundSelectController.swift in Sources */ = {isa = PBXBuildFile; fileRef = 44E11207222916F600E1740A /* SoundSelectController.swift */; };
/* End PBXBuildFile section */

/* Begin PBXContainerItemProxy section */
		44C33C9C2230B3BF00779BC6 /* PBXContainerItemProxy */ = {
			isa = PBXContainerItemProxy;
			containerPortal = 4441010F221E2F1500E3A6A4 /* Project object */;
			proxyType = 1;
			remoteGlobalIDString = 44C33C962230B3BF00779BC6;
			remoteInfo = RemindMeNS;
		};
/* End PBXContainerItemProxy section */

/* Begin PBXCopyFilesBuildPhase section */
		44C33CA22230B3BF00779BC6 /* Embed App Extensions */ = {
			isa = PBXCopyFilesBuildPhase;
			buildActionMask = 2147483647;
			dstPath = "";
			dstSubfolderSpec = 13;
			files = (
				44C33C9E2230B3BF00779BC6 /* RemindMeNS.appex in Embed App Extensions */,
			);
			name = "Embed App Extensions";
			runOnlyForDeploymentPostprocessing = 0;
		};
/* End PBXCopyFilesBuildPhase section */

/* Begin PBXFileReference section */
		44410117221E2F1500E3A6A4 /* RemindMe.app */ = {isa = PBXFileReference; explicitFileType = wrapper.application; includeInIndex = 0; path = RemindMe.app; sourceTree = BUILT_PRODUCTS_DIR; };
		4441011A221E2F1500E3A6A4 /* AppDelegate.swift */ = {isa = PBXFileReference; lastKnownFileType = sourcecode.swift; path = AppDelegate.swift; sourceTree = "<group>"; };
		4441011C221E2F1500E3A6A4 /* ViewController.swift */ = {isa = PBXFileReference; lastKnownFileType = sourcecode.swift; path = ViewController.swift; sourceTree = "<group>"; };
		4441011F221E2F1500E3A6A4 /* Base */ = {isa = PBXFileReference; lastKnownFileType = file.storyboard; name = Base; path = Base.lproj/Main.storyboard; sourceTree = "<group>"; };
		44410122221E2F1500E3A6A4 /* RemindMe.xcdatamodel */ = {isa = PBXFileReference; lastKnownFileType = wrapper.xcdatamodel; path = RemindMe.xcdatamodel; sourceTree = "<group>"; };
		44410124221E2F1700E3A6A4 /* Assets.xcassets */ = {isa = PBXFileReference; lastKnownFileType = folder.assetcatalog; path = Assets.xcassets; sourceTree = "<group>"; };
		44410127221E2F1700E3A6A4 /* Base */ = {isa = PBXFileReference; lastKnownFileType = file.storyboard; name = Base; path = Base.lproj/LaunchScreen.storyboard; sourceTree = "<group>"; };
		44410129221E2F1700E3A6A4 /* Info.plist */ = {isa = PBXFileReference; lastKnownFileType = text.plist; name = Info.plist; path = "../Supporting Files/Info.plist"; sourceTree = "<group>"; };
		44410133221E540A00E3A6A4 /* binIcon.png */ = {isa = PBXFileReference; lastKnownFileType = image.png; path = binIcon.png; sourceTree = "<group>"; };
		44410135221E545600E3A6A4 /* musicicon.png */ = {isa = PBXFileReference; lastKnownFileType = image.png; path = musicicon.png; sourceTree = "<group>"; };
		44410137221E58C200E3A6A4 /* ChoreDetailsController.swift */ = {isa = PBXFileReference; lastKnownFileType = sourcecode.swift; name = ChoreDetailsController.swift; path = RemindMe/Controller/ChoreDetailsController.swift; sourceTree = SOURCE_ROOT; };
		44410139221E609F00E3A6A4 /* dog_bark4.wav */ = {isa = PBXFileReference; lastKnownFileType = audio.wav; path = dog_bark4.wav; sourceTree = "<group>"; };
		4441013B221E60AB00E3A6A4 /* cat_meow_x.wav */ = {isa = PBXFileReference; lastKnownFileType = audio.wav; path = cat_meow_x.wav; sourceTree = "<group>"; };
		444ECD52230EE92D0064BF26 /* BlackBin.png */ = {isa = PBXFileReference; lastKnownFileType = image.png; path = BlackBin.png; sourceTree = "<group>"; };
		44560BEB224CB67D0093141C /* DateTimePicker.swift */ = {isa = PBXFileReference; lastKnownFileType = sourcecode.swift; path = DateTimePicker.swift; sourceTree = "<group>"; };
		44560BEE224CBB6F0093141C /* Base */ = {isa = PBXFileReference; lastKnownFileType = file.storyboard; name = Base; path = RemindMe/View/Base.lproj/DateTimePicker.storyboard; sourceTree = "<group>"; };
		44560BF0224CEF090093141C /* TextPickerViewController.swift */ = {isa = PBXFileReference; lastKnownFileType = sourcecode.swift; path = TextPickerViewController.swift; sourceTree = "<group>"; };
		44560BF3224CF0C10093141C /* Base */ = {isa = PBXFileReference; lastKnownFileType = file.storyboard; name = Base; path = RemindMe/View/RemindMe/View/Base.lproj/TextPicker.storyboard; sourceTree = "<group>"; };
		44C33C92222E72CD00779BC6 /* RemindMe.entitlements */ = {isa = PBXFileReference; lastKnownFileType = text.plist.entitlements; path = RemindMe.entitlements; sourceTree = "<group>"; };
		44C33C972230B3BF00779BC6 /* RemindMeNS.appex */ = {isa = PBXFileReference; explicitFileType = "wrapper.app-extension"; includeInIndex = 0; path = RemindMeNS.appex; sourceTree = BUILT_PRODUCTS_DIR; };
		44C33C992230B3BF00779BC6 /* NotificationService.swift */ = {isa = PBXFileReference; lastKnownFileType = sourcecode.swift; path = NotificationService.swift; sourceTree = "<group>"; };
		44C33C9B2230B3BF00779BC6 /* Info.plist */ = {isa = PBXFileReference; lastKnownFileType = text.plist.xml; path = Info.plist; sourceTree = "<group>"; };
		44C33CA32232AFB300779BC6 /* Scheduler.swift */ = {isa = PBXFileReference; lastKnownFileType = sourcecode.swift; path = Scheduler.swift; sourceTree = "<group>"; };
		44CE141F2239ABBA002EE7ED /* reminderIcon_Fotor.jpg */ = {isa = PBXFileReference; lastKnownFileType = image.jpeg; path = reminderIcon_Fotor.jpg; sourceTree = "<group>"; };
		44CE1423223B3C47002EE7ED /* BuhariApps start-up screen.png */ = {isa = PBXFileReference; lastKnownFileType = image.png; path = "BuhariApps start-up screen.png"; sourceTree = "<group>"; };
		44CE142A223B6DAE002EE7ED /* CustomCell.swift */ = {isa = PBXFileReference; lastKnownFileType = sourcecode.swift; path = CustomCell.swift; sourceTree = "<group>"; };
		44CE142B223B6DAE002EE7ED /* CustomCell.xib */ = {isa = PBXFileReference; lastKnownFileType = file.xib; path = CustomCell.xib; sourceTree = "<group>"; };
		44E11207222916F600E1740A /* SoundSelectController.swift */ = {isa = PBXFileReference; lastKnownFileType = sourcecode.swift; name = SoundSelectController.swift; path = RemindMe/Controller/SoundSelectController.swift; sourceTree = SOURCE_ROOT; };
/* End PBXFileReference section */

/* Begin PBXFrameworksBuildPhase section */
		44410114221E2F1500E3A6A4 /* Frameworks */ = {
			isa = PBXFrameworksBuildPhase;
			buildActionMask = 2147483647;
			files = (
			);
			runOnlyForDeploymentPostprocessing = 0;
		};
		44C33C942230B3BF00779BC6 /* Frameworks */ = {
			isa = PBXFrameworksBuildPhase;
			buildActionMask = 2147483647;
			files = (
			);
			runOnlyForDeploymentPostprocessing = 0;
		};
/* End PBXFrameworksBuildPhase section */

/* Begin PBXGroup section */
		4441010E221E2F1500E3A6A4 = {
			isa = PBXGroup;
			children = (
				44410119221E2F1500E3A6A4 /* RemindMe */,
				44410132221E2F6200E3A6A4 /* Supporting Files */,
				44C33C982230B3BF00779BC6 /* RemindMeNS */,
				44410118221E2F1500E3A6A4 /* Products */,
			);
			sourceTree = "<group>";
		};
		44410118221E2F1500E3A6A4 /* Products */ = {
			isa = PBXGroup;
			children = (
				44410117221E2F1500E3A6A4 /* RemindMe.app */,
				44C33C972230B3BF00779BC6 /* RemindMeNS.appex */,
			);
			name = Products;
			sourceTree = "<group>";
		};
		44410119221E2F1500E3A6A4 /* RemindMe */ = {
			isa = PBXGroup;
			children = (
				44C33C92222E72CD00779BC6 /* RemindMe.entitlements */,
				44410129221E2F1700E3A6A4 /* Info.plist */,
				44410131221E2F5000E3A6A4 /* Controller */,
				44410130221E2F4C00E3A6A4 /* View */,
				4441012F221E2F4500E3A6A4 /* Model */,
			);
			path = RemindMe;
			sourceTree = "<group>";
		};
		4441012F221E2F4500E3A6A4 /* Model */ = {
			isa = PBXGroup;
			children = (
				44410121221E2F1500E3A6A4 /* RemindMe.xcdatamodeld */,
			);
			path = Model;
			sourceTree = "<group>";
		};
		44410130221E2F4C00E3A6A4 /* View */ = {
			isa = PBXGroup;
			children = (
				44CE1425223B6B0E002EE7ED /* Custom cell */,
				4441011E221E2F1500E3A6A4 /* Main.storyboard */,
				44410126221E2F1700E3A6A4 /* LaunchScreen.storyboard */,
				44560BED224CBB6F0093141C /* DateTimePicker.storyboard */,
				44560BF2224CF0C10093141C /* TextPicker.storyboard */,
			);
			path = View;
			sourceTree = "<group>";
		};
		44410131221E2F5000E3A6A4 /* Controller */ = {
			isa = PBXGroup;
			children = (
				4441011A221E2F1500E3A6A4 /* AppDelegate.swift */,
				4441011C221E2F1500E3A6A4 /* ViewController.swift */,
				44410137221E58C200E3A6A4 /* ChoreDetailsController.swift */,
				44E11207222916F600E1740A /* SoundSelectController.swift */,
				44C33CA32232AFB300779BC6 /* Scheduler.swift */,
				44560BEB224CB67D0093141C /* DateTimePicker.swift */,
				44560BF0224CEF090093141C /* TextPickerViewController.swift */,
			);
			path = Controller;
			sourceTree = "<group>";
		};
		44410132221E2F6200E3A6A4 /* Supporting Files */ = {
			isa = PBXGroup;
			children = (
				44410124221E2F1700E3A6A4 /* Assets.xcassets */,
				44CE1423223B3C47002EE7ED /* BuhariApps start-up screen.png */,
				44CE141F2239ABBA002EE7ED /* reminderIcon_Fotor.jpg */,
				444ECD52230EE92D0064BF26 /* BlackBin.png */,
				44410133221E540A00E3A6A4 /* binIcon.png */,
				44410139221E609F00E3A6A4 /* dog_bark4.wav */,
				4441013B221E60AB00E3A6A4 /* cat_meow_x.wav */,
				44410135221E545600E3A6A4 /* musicicon.png */,
			);
			path = "Supporting Files";
			sourceTree = "<group>";
		};
		44C33C982230B3BF00779BC6 /* RemindMeNS */ = {
			isa = PBXGroup;
			children = (
				44C33C992230B3BF00779BC6 /* NotificationService.swift */,
				44C33C9B2230B3BF00779BC6 /* Info.plist */,
			);
			path = RemindMeNS;
			sourceTree = "<group>";
		};
		44CE1425223B6B0E002EE7ED /* Custom cell */ = {
			isa = PBXGroup;
			children = (
				44CE142A223B6DAE002EE7ED /* CustomCell.swift */,
				44CE142B223B6DAE002EE7ED /* CustomCell.xib */,
			);
			path = "Custom cell";
			sourceTree = "<group>";
		};
/* End PBXGroup section */

/* Begin PBXNativeTarget section */
		44410116221E2F1500E3A6A4 /* RemindMe */ = {
			isa = PBXNativeTarget;
			buildConfigurationList = 4441012C221E2F1700E3A6A4 /* Build configuration list for PBXNativeTarget "RemindMe" */;
			buildPhases = (
				44410113221E2F1500E3A6A4 /* Sources */,
				44410114221E2F1500E3A6A4 /* Frameworks */,
				44410115221E2F1500E3A6A4 /* Resources */,
				44C33CA22230B3BF00779BC6 /* Embed App Extensions */,
			);
			buildRules = (
			);
			dependencies = (
				44C33C9D2230B3BF00779BC6 /* PBXTargetDependency */,
			);
			name = RemindMe;
			productName = RemindMe;
			productReference = 44410117221E2F1500E3A6A4 /* RemindMe.app */;
			productType = "com.apple.product-type.application";
		};
		44C33C962230B3BF00779BC6 /* RemindMeNS */ = {
			isa = PBXNativeTarget;
			buildConfigurationList = 44C33CA12230B3BF00779BC6 /* Build configuration list for PBXNativeTarget "RemindMeNS" */;
			buildPhases = (
				44C33C932230B3BF00779BC6 /* Sources */,
				44C33C942230B3BF00779BC6 /* Frameworks */,
				44C33C952230B3BF00779BC6 /* Resources */,
			);
			buildRules = (
			);
			dependencies = (
			);
			name = RemindMeNS;
			productName = RemindMeNS;
			productReference = 44C33C972230B3BF00779BC6 /* RemindMeNS.appex */;
			productType = "com.apple.product-type.app-extension";
		};
/* End PBXNativeTarget section */

/* Begin PBXProject section */
		4441010F221E2F1500E3A6A4 /* Project object */ = {
			isa = PBXProject;
			attributes = {
				LastSwiftUpdateCheck = 1010;
				LastUpgradeCheck = 1010;
				ORGANIZATIONNAME = "Kate Guru";
				TargetAttributes = {
					44410116221E2F1500E3A6A4 = {
						CreatedOnToolsVersion = 10.1;
						SystemCapabilities = {
							com.apple.Push = {
								enabled = 1;
							};
						};
					};
					44C33C962230B3BF00779BC6 = {
						CreatedOnToolsVersion = 10.1;
					};
				};
			};
			buildConfigurationList = 44410112221E2F1500E3A6A4 /* Build configuration list for PBXProject "RemindMe" */;
			compatibilityVersion = "Xcode 9.3";
			developmentRegion = en;
			hasScannedForEncodings = 0;
			knownRegions = (
				en,
				Base,
			);
			mainGroup = 4441010E221E2F1500E3A6A4;
			productRefGroup = 44410118221E2F1500E3A6A4 /* Products */;
			projectDirPath = "";
			projectRoot = "";
			targets = (
				44410116221E2F1500E3A6A4 /* RemindMe */,
				44C33C962230B3BF00779BC6 /* RemindMeNS */,
			);
		};
/* End PBXProject section */

/* Begin PBXResourcesBuildPhase section */
		44410115221E2F1500E3A6A4 /* Resources */ = {
			isa = PBXResourcesBuildPhase;
			buildActionMask = 2147483647;
			files = (
				44560BEF224CBB6F0093141C /* DateTimePicker.storyboard in Resources */,
				44CE142D223B6DAE002EE7ED /* CustomCell.xib in Resources */,
				44CE1424223B3C47002EE7ED /* BuhariApps start-up screen.png in Resources */,
				44560BF4224CF0C10093141C /* TextPicker.storyboard in Resources */,
				4441013C221E60AB00E3A6A4 /* cat_meow_x.wav in Resources */,
				44410136221E545700E3A6A4 /* musicicon.png in Resources */,
				44410128221E2F1700E3A6A4 /* LaunchScreen.storyboard in Resources */,
				44410125221E2F1700E3A6A4 /* Assets.xcassets in Resources */,
				444ECD53230EE92E0064BF26 /* BlackBin.png in Resources */,
				44410134221E540B00E3A6A4 /* binIcon.png in Resources */,
				44CE14202239ABBB002EE7ED /* reminderIcon_Fotor.jpg in Resources */,
				4441013A221E609F00E3A6A4 /* dog_bark4.wav in Resources */,
				44410120221E2F1500E3A6A4 /* Main.storyboard in Resources */,
			);
			runOnlyForDeploymentPostprocessing = 0;
		};
		44C33C952230B3BF00779BC6 /* Resources */ = {
			isa = PBXResourcesBuildPhase;
			buildActionMask = 2147483647;
			files = (
			);
			runOnlyForDeploymentPostprocessing = 0;
		};
/* End PBXResourcesBuildPhase section */

/* Begin PBXSourcesBuildPhase section */
		44410113221E2F1500E3A6A4 /* Sources */ = {
			isa = PBXSourcesBuildPhase;
			buildActionMask = 2147483647;
			files = (
				4441011D221E2F1500E3A6A4 /* ViewController.swift in Sources */,
				4441011B221E2F1500E3A6A4 /* AppDelegate.swift in Sources */,
				44560BEC224CB67D0093141C /* DateTimePicker.swift in Sources */,
				44410138221E58C200E3A6A4 /* ChoreDetailsController.swift in Sources */,
				44C33CA42232AFB300779BC6 /* Scheduler.swift in Sources */,
				44560BF1224CEF090093141C /* TextPickerViewController.swift in Sources */,
				44410123221E2F1500E3A6A4 /* RemindMe.xcdatamodeld in Sources */,
				44CE142C223B6DAE002EE7ED /* CustomCell.swift in Sources */,
				44E11208222916F600E1740A /* SoundSelectController.swift in Sources */,
			);
			runOnlyForDeploymentPostprocessing = 0;
		};
		44C33C932230B3BF00779BC6 /* Sources */ = {
			isa = PBXSourcesBuildPhase;
			buildActionMask = 2147483647;
			files = (
				44C33C9A2230B3BF00779BC6 /* NotificationService.swift in Sources */,
			);
			runOnlyForDeploymentPostprocessing = 0;
		};
/* End PBXSourcesBuildPhase section */

/* Begin PBXTargetDependency section */
		44C33C9D2230B3BF00779BC6 /* PBXTargetDependency */ = {
			isa = PBXTargetDependency;
			target = 44C33C962230B3BF00779BC6 /* RemindMeNS */;
			targetProxy = 44C33C9C2230B3BF00779BC6 /* PBXContainerItemProxy */;
		};
/* End PBXTargetDependency section */

/* Begin PBXVariantGroup section */
		4441011E221E2F1500E3A6A4 /* Main.storyboard */ = {
			isa = PBXVariantGroup;
			children = (
				4441011F221E2F1500E3A6A4 /* Base */,
			);
			name = Main.storyboard;
			sourceTree = "<group>";
		};
		44410126221E2F1700E3A6A4 /* LaunchScreen.storyboard */ = {
			isa = PBXVariantGroup;
			children = (
				44410127221E2F1700E3A6A4 /* Base */,
			);
			name = LaunchScreen.storyboard;
			sourceTree = "<group>";
		};
		44560BED224CBB6F0093141C /* DateTimePicker.storyboard */ = {
			isa = PBXVariantGroup;
			children = (
				44560BEE224CBB6F0093141C /* Base */,
			);
			name = DateTimePicker.storyboard;
			sourceTree = "<group>";
		};
		44560BF2224CF0C10093141C /* TextPicker.storyboard */ = {
			isa = PBXVariantGroup;
			children = (
				44560BF3224CF0C10093141C /* Base */,
			);
			name = TextPicker.storyboard;
			sourceTree = "<group>";
		};
/* End PBXVariantGroup section */

/* Begin XCBuildConfiguration section */
		4441012A221E2F1700E3A6A4 /* Debug */ = {
			isa = XCBuildConfiguration;
			buildSettings = {
				ALWAYS_SEARCH_USER_PATHS = NO;
				CLANG_ANALYZER_NONNULL = YES;
				CLANG_ANALYZER_NUMBER_OBJECT_CONVERSION = YES_AGGRESSIVE;
				CLANG_CXX_LANGUAGE_STANDARD = "gnu++14";
				CLANG_CXX_LIBRARY = "libc++";
				CLANG_ENABLE_MODULES = YES;
				CLANG_ENABLE_OBJC_ARC = YES;
				CLANG_ENABLE_OBJC_WEAK = YES;
				CLANG_WARN_BLOCK_CAPTURE_AUTORELEASING = YES;
				CLANG_WARN_BOOL_CONVERSION = YES;
				CLANG_WARN_COMMA = YES;
				CLANG_WARN_CONSTANT_CONVERSION = YES;
				CLANG_WARN_DEPRECATED_OBJC_IMPLEMENTATIONS = YES;
				CLANG_WARN_DIRECT_OBJC_ISA_USAGE = YES_ERROR;
				CLANG_WARN_DOCUMENTATION_COMMENTS = YES;
				CLANG_WARN_EMPTY_BODY = YES;
				CLANG_WARN_ENUM_CONVERSION = YES;
				CLANG_WARN_INFINITE_RECURSION = YES;
				CLANG_WARN_INT_CONVERSION = YES;
				CLANG_WARN_NON_LITERAL_NULL_CONVERSION = YES;
				CLANG_WARN_OBJC_IMPLICIT_RETAIN_SELF = YES;
				CLANG_WARN_OBJC_LITERAL_CONVERSION = YES;
				CLANG_WARN_OBJC_ROOT_CLASS = YES_ERROR;
				CLANG_WARN_RANGE_LOOP_ANALYSIS = YES;
				CLANG_WARN_STRICT_PROTOTYPES = YES;
				CLANG_WARN_SUSPICIOUS_MOVE = YES;
				CLANG_WARN_UNGUARDED_AVAILABILITY = YES_AGGRESSIVE;
				CLANG_WARN_UNREACHABLE_CODE = YES;
				CLANG_WARN__DUPLICATE_METHOD_MATCH = YES;
				CODE_SIGN_IDENTITY = "iPhone Developer";
				COPY_PHASE_STRIP = NO;
				DEBUG_INFORMATION_FORMAT = dwarf;
				ENABLE_STRICT_OBJC_MSGSEND = YES;
				ENABLE_TESTABILITY = YES;
				GCC_C_LANGUAGE_STANDARD = gnu11;
				GCC_DYNAMIC_NO_PIC = NO;
				GCC_NO_COMMON_BLOCKS = YES;
				GCC_OPTIMIZATION_LEVEL = 0;
				GCC_PREPROCESSOR_DEFINITIONS = (
					"DEBUG=1",
					"$(inherited)",
				);
				GCC_WARN_64_TO_32_BIT_CONVERSION = YES;
				GCC_WARN_ABOUT_RETURN_TYPE = YES_ERROR;
				GCC_WARN_UNDECLARED_SELECTOR = YES;
				GCC_WARN_UNINITIALIZED_AUTOS = YES_AGGRESSIVE;
				GCC_WARN_UNUSED_FUNCTION = YES;
				GCC_WARN_UNUSED_VARIABLE = YES;
				IPHONEOS_DEPLOYMENT_TARGET = 12.1;
				MTL_ENABLE_DEBUG_INFO = INCLUDE_SOURCE;
				MTL_FAST_MATH = YES;
				ONLY_ACTIVE_ARCH = YES;
				SDKROOT = iphoneos;
				SWIFT_ACTIVE_COMPILATION_CONDITIONS = DEBUG;
				SWIFT_OPTIMIZATION_LEVEL = "-Onone";
			};
			name = Debug;
		};
		4441012B221E2F1700E3A6A4 /* Release */ = {
			isa = XCBuildConfiguration;
			buildSettings = {
				ALWAYS_SEARCH_USER_PATHS = NO;
				CLANG_ANALYZER_NONNULL = YES;
				CLANG_ANALYZER_NUMBER_OBJECT_CONVERSION = YES_AGGRESSIVE;
				CLANG_CXX_LANGUAGE_STANDARD = "gnu++14";
				CLANG_CXX_LIBRARY = "libc++";
				CLANG_ENABLE_MODULES = YES;
				CLANG_ENABLE_OBJC_ARC = YES;
				CLANG_ENABLE_OBJC_WEAK = YES;
				CLANG_WARN_BLOCK_CAPTURE_AUTORELEASING = YES;
				CLANG_WARN_BOOL_CONVERSION = YES;
				CLANG_WARN_COMMA = YES;
				CLANG_WARN_CONSTANT_CONVERSION = YES;
				CLANG_WARN_DEPRECATED_OBJC_IMPLEMENTATIONS = YES;
				CLANG_WARN_DIRECT_OBJC_ISA_USAGE = YES_ERROR;
				CLANG_WARN_DOCUMENTATION_COMMENTS = YES;
				CLANG_WARN_EMPTY_BODY = YES;
				CLANG_WARN_ENUM_CONVERSION = YES;
				CLANG_WARN_INFINITE_RECURSION = YES;
				CLANG_WARN_INT_CONVERSION = YES;
				CLANG_WARN_NON_LITERAL_NULL_CONVERSION = YES;
				CLANG_WARN_OBJC_IMPLICIT_RETAIN_SELF = YES;
				CLANG_WARN_OBJC_LITERAL_CONVERSION = YES;
				CLANG_WARN_OBJC_ROOT_CLASS = YES_ERROR;
				CLANG_WARN_RANGE_LOOP_ANALYSIS = YES;
				CLANG_WARN_STRICT_PROTOTYPES = YES;
				CLANG_WARN_SUSPICIOUS_MOVE = YES;
				CLANG_WARN_UNGUARDED_AVAILABILITY = YES_AGGRESSIVE;
				CLANG_WARN_UNREACHABLE_CODE = YES;
				CLANG_WARN__DUPLICATE_METHOD_MATCH = YES;
				CODE_SIGN_IDENTITY = "iPhone Developer";
				COPY_PHASE_STRIP = NO;
				DEBUG_INFORMATION_FORMAT = "dwarf-with-dsym";
				ENABLE_NS_ASSERTIONS = NO;
				ENABLE_STRICT_OBJC_MSGSEND = YES;
				GCC_C_LANGUAGE_STANDARD = gnu11;
				GCC_NO_COMMON_BLOCKS = YES;
				GCC_WARN_64_TO_32_BIT_CONVERSION = YES;
				GCC_WARN_ABOUT_RETURN_TYPE = YES_ERROR;
				GCC_WARN_UNDECLARED_SELECTOR = YES;
				GCC_WARN_UNINITIALIZED_AUTOS = YES_AGGRESSIVE;
				GCC_WARN_UNUSED_FUNCTION = YES;
				GCC_WARN_UNUSED_VARIABLE = YES;
				IPHONEOS_DEPLOYMENT_TARGET = 12.1;
				MTL_ENABLE_DEBUG_INFO = NO;
				MTL_FAST_MATH = YES;
				SDKROOT = iphoneos;
				SWIFT_COMPILATION_MODE = wholemodule;
				SWIFT_OPTIMIZATION_LEVEL = "-O";
				VALIDATE_PRODUCT = YES;
			};
			name = Release;
		};
		4441012D221E2F1700E3A6A4 /* Debug */ = {
			isa = XCBuildConfiguration;
			buildSettings = {
				ALWAYS_EMBED_SWIFT_STANDARD_LIBRARIES = YES;
				ASSETCATALOG_COMPILER_APPICON_NAME = AppIcon;
				CODE_SIGN_ENTITLEMENTS = RemindMe/RemindMe.entitlements;
				CODE_SIGN_STYLE = Automatic;
				DEVELOPMENT_TEAM = Q36PYGT7L6;
				INFOPLIST_FILE = RemindMe/Info.plist;
				LD_RUNPATH_SEARCH_PATHS = (
					"$(inherited)",
					"@executable_path/Frameworks",
				);
				PRODUCT_BUNDLE_IDENTIFIER = com.buharibox.RemindMe;
				PRODUCT_NAME = "$(TARGET_NAME)";
				SWIFT_VERSION = 4.2;
				TARGETED_DEVICE_FAMILY = "1,2";
			};
			name = Debug;
		};
		4441012E221E2F1700E3A6A4 /* Release */ = {
			isa = XCBuildConfiguration;
			buildSettings = {
				ALWAYS_EMBED_SWIFT_STANDARD_LIBRARIES = YES;
				ASSETCATALOG_COMPILER_APPICON_NAME = AppIcon;
				CODE_SIGN_ENTITLEMENTS = RemindMe/RemindMe.entitlements;
				CODE_SIGN_STYLE = Automatic;
				DEVELOPMENT_TEAM = Q36PYGT7L6;
				INFOPLIST_FILE = RemindMe/Info.plist;
				LD_RUNPATH_SEARCH_PATHS = (
					"$(inherited)",
					"@executable_path/Frameworks",
				);
				PRODUCT_BUNDLE_IDENTIFIER = com.buharibox.RemindMe;
				PRODUCT_NAME = "$(TARGET_NAME)";
				SWIFT_VERSION = 4.2;
				TARGETED_DEVICE_FAMILY = "1,2";
			};
			name = Release;
		};
		44C33C9F2230B3BF00779BC6 /* Debug */ = {
			isa = XCBuildConfiguration;
			buildSettings = {
				CODE_SIGN_STYLE = Automatic;
				DEVELOPMENT_TEAM = Q36PYGT7L6;
				INFOPLIST_FILE = RemindMeNS/Info.plist;
				LD_RUNPATH_SEARCH_PATHS = (
					"$(inherited)",
					"@executable_path/Frameworks",
					"@executable_path/../../Frameworks",
				);
				PRODUCT_BUNDLE_IDENTIFIER = com.buharibox.RemindMe.RemindMeNS;
				PRODUCT_NAME = "$(TARGET_NAME)";
				SKIP_INSTALL = YES;
				SWIFT_VERSION = 4.2;
				TARGETED_DEVICE_FAMILY = "1,2";
			};
			name = Debug;
		};
		44C33CA02230B3BF00779BC6 /* Release */ = {
			isa = XCBuildConfiguration;
			buildSettings = {
				CODE_SIGN_STYLE = Automatic;
				DEVELOPMENT_TEAM = Q36PYGT7L6;
				INFOPLIST_FILE = RemindMeNS/Info.plist;
				LD_RUNPATH_SEARCH_PATHS = (
					"$(inherited)",
					"@executable_path/Frameworks",
					"@executable_path/../../Frameworks",
				);
				PRODUCT_BUNDLE_IDENTIFIER = com.buharibox.RemindMe.RemindMeNS;
				PRODUCT_NAME = "$(TARGET_NAME)";
				SKIP_INSTALL = YES;
				SWIFT_VERSION = 4.2;
				TARGETED_DEVICE_FAMILY = "1,2";
			};
			name = Release;
		};
/* End XCBuildConfiguration section */

/* Begin XCConfigurationList section */
		44410112221E2F1500E3A6A4 /* Build configuration list for PBXProject "RemindMe" */ = {
			isa = XCConfigurationList;
			buildConfigurations = (
				4441012A221E2F1700E3A6A4 /* Debug */,
				4441012B221E2F1700E3A6A4 /* Release */,
			);
			defaultConfigurationIsVisible = 0;
			defaultConfigurationName = Release;
		};
		4441012C221E2F1700E3A6A4 /* Build configuration list for PBXNativeTarget "RemindMe" */ = {
			isa = XCConfigurationList;
			buildConfigurations = (
				4441012D221E2F1700E3A6A4 /* Debug */,
				4441012E221E2F1700E3A6A4 /* Release */,
			);
			defaultConfigurationIsVisible = 0;
			defaultConfigurationName = Release;
		};
		44C33CA12230B3BF00779BC6 /* Build configuration list for PBXNativeTarget "RemindMeNS" */ = {
			isa = XCConfigurationList;
			buildConfigurations = (
				44C33C9F2230B3BF00779BC6 /* Debug */,
				44C33CA02230B3BF00779BC6 /* Release */,
			);
			defaultConfigurationIsVisible = 0;
			defaultConfigurationName = Release;
		};
/* End XCConfigurationList section */

/* Begin XCVersionGroup section */
		44410121221E2F1500E3A6A4 /* RemindMe.xcdatamodeld */ = {
			isa = XCVersionGroup;
			children = (
				44410122221E2F1500E3A6A4 /* RemindMe.xcdatamodel */,
			);
			currentVersion = 44410122221E2F1500E3A6A4 /* RemindMe.xcdatamodel */;
			path = RemindMe.xcdatamodeld;
			sourceTree = "<group>";
			versionGroupType = wrapper.xcdatamodel;
		};
/* End XCVersionGroup section */
	};
	rootObject = 4441010F221E2F1500E3A6A4 /* Project object */;
}
